
Microsoft Visual Studio Solution File, Format Version 12.00
# Visual Studio 15
VisualStudioVersion = 15.0.28307.329
MinimumVisualStudioVersion = 10.0.40219.1
Project("{A07B5EB6-E848-4116-A8D0-A826331D98C6}") = "Azurelab", "Azurelab\Azurelab.sfproj", "{18CB049D-C61C-44C3-8B79-735EE470D57C}"
EndProject
Project("{FAE04EC0-301F-11D3-BF4B-00C04F79EFBC}") = "API", "API\API.csproj", "{355380AE-E177-4ED2-A841-CCF47470A039}"
EndProject
Project("{FAE04EC0-301F-11D3-BF4B-00C04F79EFBC}") = "Server", "Server\Server.csproj", "{C6310019-24A7-4394-A216-232FED949EB9}"
EndProject
Project("{FAE04EC0-301F-11D3-BF4B-00C04F79EFBC}") = "Shared", "Shared\Shared.csproj", "{EBEF0BCE-D791-4176-B5AA-739A1B08088F}"
EndProject
Global
	GlobalSection(SolutionConfigurationPlatforms) = preSolution
		Debug|Any CPU = Debug|Any CPU
		Debug|x64 = Debug|x64
		Release|Any CPU = Release|Any CPU
		Release|x64 = Release|x64
	EndGlobalSection
	GlobalSection(ProjectConfigurationPlatforms) = postSolution
		{18CB049D-C61C-44C3-8B79-735EE470D57C}.Debug|Any CPU.ActiveCfg = Debug|x64
		{18CB049D-C61C-44C3-8B79-735EE470D57C}.Debug|x64.ActiveCfg = Debug|x64
		{18CB049D-C61C-44C3-8B79-735EE470D57C}.Debug|x64.Build.0 = Debug|x64
		{18CB049D-C61C-44C3-8B79-735EE470D57C}.Debug|x64.Deploy.0 = Debug|x64
		{18CB049D-C61C-44C3-8B79-735EE470D57C}.Release|Any CPU.ActiveCfg = Release|x64
		{18CB049D-C61C-44C3-8B79-735EE470D57C}.Release|x64.ActiveCfg = Release|x64
		{18CB049D-C61C-44C3-8B79-735EE470D57C}.Release|x64.Build.0 = Release|x64
		{18CB049D-C61C-44C3-8B79-735EE470D57C}.Release|x64.Deploy.0 = Release|x64
		{355380AE-E177-4ED2-A841-CCF47470A039}.Debug|Any CPU.ActiveCfg = Debug|Any CPU
		{355380AE-E177-4ED2-A841-CCF47470A039}.Debug|Any CPU.Build.0 = Debug|Any CPU
		{355380AE-E177-4ED2-A841-CCF47470A039}.Debug|x64.ActiveCfg = Debug|Any CPU
		{355380AE-E177-4ED2-A841-CCF47470A039}.Debug|x64.Build.0 = Debug|Any CPU
		{355380AE-E177-4ED2-A841-CCF47470A039}.Release|Any CPU.ActiveCfg = Release|Any CPU
		{355380AE-E177-4ED2-A841-CCF47470A039}.Release|Any CPU.Build.0 = Release|Any CPU
		{355380AE-E177-4ED2-A841-CCF47470A039}.Release|x64.ActiveCfg = Release|Any CPU
		{355380AE-E177-4ED2-A841-CCF47470A039}.Release|x64.Build.0 = Release|Any CPU
		{C6310019-24A7-4394-A216-232FED949EB9}.Debug|Any CPU.ActiveCfg = Debug|Any CPU
		{C6310019-24A7-4394-A216-232FED949EB9}.Debug|Any CPU.Build.0 = Debug|Any CPU
		{C6310019-24A7-4394-A216-232FED949EB9}.Debug|x64.ActiveCfg = Debug|Any CPU
		{C6310019-24A7-4394-A216-232FED949EB9}.Debug|x64.Build.0 = Debug|Any CPU
		{C6310019-24A7-4394-A216-232FED949EB9}.Release|Any CPU.ActiveCfg = Release|Any CPU
		{C6310019-24A7-4394-A216-232FED949EB9}.Release|Any CPU.Build.0 = Release|Any CPU
		{C6310019-24A7-4394-A216-232FED949EB9}.Release|x64.ActiveCfg = Release|Any CPU
		{C6310019-24A7-4394-A216-232FED949EB9}.Release|x64.Build.0 = Release|Any CPU
		{EBEF0BCE-D791-4176-B5AA-739A1B08088F}.Debug|Any CPU.ActiveCfg = Debug|Any CPU
		{EBEF0BCE-D791-4176-B5AA-739A1B08088F}.Debug|Any CPU.Build.0 = Debug|Any CPU
		{EBEF0BCE-D791-4176-B5AA-739A1B08088F}.Debug|x64.ActiveCfg = Debug|Any CPU
		{EBEF0BCE-D791-4176-B5AA-739A1B08088F}.Debug|x64.Build.0 = Debug|Any CPU
		{EBEF0BCE-D791-4176-B5AA-739A1B08088F}.Release|Any CPU.ActiveCfg = Release|Any CPU
		{EBEF0BCE-D791-4176-B5AA-739A1B08088F}.Release|Any CPU.Build.0 = Release|Any CPU
		{EBEF0BCE-D791-4176-B5AA-739A1B08088F}.Release|x64.ActiveCfg = Release|Any CPU
		{EBEF0BCE-D791-4176-B5AA-739A1B08088F}.Release|x64.Build.0 = Release|Any CPU
	EndGlobalSection
	GlobalSection(SolutionProperties) = preSolution
		HideSolutionNode = FALSE
	EndGlobalSection
	GlobalSection(ExtensibilityGlobals) = postSolution
		SolutionGuid = {66138CAF-6C91-4249-BBB2-7B05683406AA}
	EndGlobalSection
EndGlobal
